PODS:
  - Bolts (1.8.4):
    - Bolts/AppLinks (= 1.8.4)
    - Bolts/Tasks (= 1.8.4)
  - Bolts/AppLinks (1.8.4):
    - Bolts/Tasks
  - Bolts/Tasks (1.8.4)
  - FBSDKCoreKit (4.25.0):
    - Bolts (~> 1.7)
  - FBSDKLoginKit (4.25.0):
    - FBSDKCoreKit

DEPENDENCIES:
  - FBSDKCoreKit
  - FBSDKLoginKit

SPEC CHECKSUMS:
  Bolts: 8a7995239dbe724f9cba2248b766d48b7ebdd322
  FBSDKCoreKit: 53e3f4bfb64e80c5f229dd30ae33ff57fbbbd2d1
  FBSDKLoginKit: f628c09684dae9c17f071cf90b014e886f5093ea

PODFILE CHECKSUM: 9e505c684ba80fd20bcd5d645071c2851535e1f9

COCOAPODS: 1.2.1
